
Microsoft Visual Studio Solution File, Format Version 12.00
# Visual Studio 2013
VisualStudioVersion = 12.0.30501.0
MinimumVisualStudioVersion = 10.0.40219.1
Project("{FAE04EC0-301F-11D3-BF4B-00C04F79EFBC}") = "AngularJSLint", "AngularJSLint\AngularJSLint.csproj", "{6C98676B-2B78-435A-AD1D-A2B6FDC400B0}"
EndProject
Project("{FAE04EC0-301F-11D3-BF4B-00C04F79EFBC}") = "AngularJSLint.Tests", "AngularJSLint.Tests\AngularJSLint.Tests.csproj", "{3CBD87DB-0D94-4C4F-AF48-15471F8F4FD7}"
EndProject
Project("{FAE04EC0-301F-11D3-BF4B-00C04F79EFBC}") = "AngularJSLint.Domain", "AngularJSLint.Domain\AngularJSLint.Domain.csproj", "{152B279F-5F6D-4710-8B17-CC46ADFD099C}"
EndProject
Project("{FAE04EC0-301F-11D3-BF4B-00C04F79EFBC}") = "AngularJSLint.Domain.Repository", "AngularJSLint.Domain.Repository\AngularJSLint.Domain.Repository.csproj", "{006DFEEF-A48C-4353-91FA-453BBD025B68}"
EndProject
Project("{FAE04EC0-301F-11D3-BF4B-00C04F79EFBC}") = "AngularJSLint.Domain.Tests", "AngularJSLint.Domain.Tests\AngularJSLint.Domain.Tests.csproj", "{6C976FBD-AF02-4CCB-AED8-3CE5D222C5EA}"
EndProject
Global
	GlobalSection(SolutionConfigurationPlatforms) = preSolution
		Debug|Any CPU = Debug|Any CPU
		Release|Any CPU = Release|Any CPU
	EndGlobalSection
	GlobalSection(ProjectConfigurationPlatforms) = postSolution
		{6C98676B-2B78-435A-AD1D-A2B6FDC400B0}.Debug|Any CPU.ActiveCfg = Debug|Any CPU
		{6C98676B-2B78-435A-AD1D-A2B6FDC400B0}.Debug|Any CPU.Build.0 = Debug|Any CPU
		{6C98676B-2B78-435A-AD1D-A2B6FDC400B0}.Release|Any CPU.ActiveCfg = Release|Any CPU
		{6C98676B-2B78-435A-AD1D-A2B6FDC400B0}.Release|Any CPU.Build.0 = Release|Any CPU
		{3CBD87DB-0D94-4C4F-AF48-15471F8F4FD7}.Debug|Any CPU.ActiveCfg = Debug|Any CPU
		{3CBD87DB-0D94-4C4F-AF48-15471F8F4FD7}.Debug|Any CPU.Build.0 = Debug|Any CPU
		{3CBD87DB-0D94-4C4F-AF48-15471F8F4FD7}.Release|Any CPU.ActiveCfg = Release|Any CPU
		{3CBD87DB-0D94-4C4F-AF48-15471F8F4FD7}.Release|Any CPU.Build.0 = Release|Any CPU
		{152B279F-5F6D-4710-8B17-CC46ADFD099C}.Debug|Any CPU.ActiveCfg = Debug|Any CPU
		{152B279F-5F6D-4710-8B17-CC46ADFD099C}.Debug|Any CPU.Build.0 = Debug|Any CPU
		{152B279F-5F6D-4710-8B17-CC46ADFD099C}.Release|Any CPU.ActiveCfg = Release|Any CPU
		{152B279F-5F6D-4710-8B17-CC46ADFD099C}.Release|Any CPU.Build.0 = Release|Any CPU
		{006DFEEF-A48C-4353-91FA-453BBD025B68}.Debug|Any CPU.ActiveCfg = Debug|Any CPU
		{006DFEEF-A48C-4353-91FA-453BBD025B68}.Debug|Any CPU.Build.0 = Debug|Any CPU
		{006DFEEF-A48C-4353-91FA-453BBD025B68}.Release|Any CPU.ActiveCfg = Release|Any CPU
		{006DFEEF-A48C-4353-91FA-453BBD025B68}.Release|Any CPU.Build.0 = Release|Any CPU
		{6C976FBD-AF02-4CCB-AED8-3CE5D222C5EA}.Debug|Any CPU.ActiveCfg = Debug|Any CPU
		{6C976FBD-AF02-4CCB-AED8-3CE5D222C5EA}.Debug|Any CPU.Build.0 = Debug|Any CPU
		{6C976FBD-AF02-4CCB-AED8-3CE5D222C5EA}.Release|Any CPU.ActiveCfg = Release|Any CPU
		{6C976FBD-AF02-4CCB-AED8-3CE5D222C5EA}.Release|Any CPU.Build.0 = Release|Any CPU
	EndGlobalSection
	GlobalSection(SolutionProperties) = preSolution
		HideSolutionNode = FALSE
	EndGlobalSection
EndGlobal
